
Microsoft Visual Studio Solution File, Format Version 12.00
# Visual Studio Version 17
VisualStudioVersion = 17.8.34309.116
MinimumVisualStudioVersion = 10.0.40219.1
Project("{FAE04EC0-301F-11D3-BF4B-00C04F79EFBC}") = "WebApplication6", "WebApplication6\WebApplication6.csproj", "{F398DAD6-AE0E-4106-8ABD-4E12915901CB}"
EndProject
Global
	GlobalSection(SolutionConfigurationPlatforms) = preSolution
		Debug|Any CPU = Debug|Any CPU
		Release|Any CPU = Release|Any CPU
	EndGlobalSection
	GlobalSection(ProjectConfigurationPlatforms) = postSolution
		{F398DAD6-AE0E-4106-8ABD-4E12915901CB}.Debug|Any CPU.ActiveCfg = Debug|Any CPU
		{F398DAD6-AE0E-4106-8ABD-4E12915901CB}.Debug|Any CPU.Build.0 = Debug|Any CPU
		{F398DAD6-AE0E-4106-8ABD-4E12915901CB}.Release|Any CPU.ActiveCfg = Release|Any CPU
		{F398DAD6-AE0E-4106-8ABD-4E12915901CB}.Release|Any CPU.Build.0 = Release|Any CPU
	EndGlobalSection
	GlobalSection(SolutionProperties) = preSolution
		HideSolutionNode = FALSE
	EndGlobalSection
	GlobalSection(ExtensibilityGlobals) = postSolution
		SolutionGuid = {0E9AD882-8EA4-46DF-AB6F-178B54CD5AB7}
	EndGlobalSection
EndGlobal
